{
  "name": "xv6book",
  "lockfileVersion": 2,
  "requires": true,
  "packages": {
    "": {
      "dependencies": {
        "gitbook-plugin-custom-favicon": "^0.0.4"
      }
    },
    "node_modules/gitbook-plugin-custom-favicon": {
      "version": "0.0.4",
      "resolved": "https://registry.nlark.com/gitbook-plugin-custom-favicon/download/gitbook-plugin-custom-favicon-0.0.4.tgz",
      "integrity": "sha1-y3NynUdYy3xsVk6O+wNdH24Irs8=",
      "engines": {
        "gitbook": "*"
      }
    }
  },
  "dependencies": {
    "gitbook-plugin-custom-favicon": {
      "version": "0.0.4",
      "resolved": "https://registry.nlark.com/gitbook-plugin-custom-favicon/download/gitbook-plugin-custom-favicon-0.0.4.tgz",
      "integrity": "sha1-y3NynUdYy3xsVk6O+wNdH24Irs8="
    }
  }
}
